
Microsoft Visual Studio Solution File, Format Version 12.00
# Visual Studio Version 17
VisualStudioVersion = 17.2.32602.215
MinimumVisualStudioVersion = 10.0.40219.1
Project("{FAE04EC0-301F-11D3-BF4B-00C04F79EFBC}") = "RastgeleSifreUretme_Programı", "RastgeleSifreUretme_Programı\RastgeleSifreUretme_Programı.csproj", "{083FBFD2-04F4-47C7-B7C8-2928BC437331}"
EndProject
Global
	GlobalSection(SolutionConfigurationPlatforms) = preSolution
		Debug|Any CPU = Debug|Any CPU
		Release|Any CPU = Release|Any CPU
	EndGlobalSection
	GlobalSection(ProjectConfigurationPlatforms) = postSolution
		{083FBFD2-04F4-47C7-B7C8-2928BC437331}.Debug|Any CPU.ActiveCfg = Debug|Any CPU
		{083FBFD2-04F4-47C7-B7C8-2928BC437331}.Debug|Any CPU.Build.0 = Debug|Any CPU
		{083FBFD2-04F4-47C7-B7C8-2928BC437331}.Release|Any CPU.ActiveCfg = Release|Any CPU
		{083FBFD2-04F4-47C7-B7C8-2928BC437331}.Release|Any CPU.Build.0 = Release|Any CPU
	EndGlobalSection
	GlobalSection(SolutionProperties) = preSolution
		HideSolutionNode = FALSE
	EndGlobalSection
	GlobalSection(ExtensibilityGlobals) = postSolution
		SolutionGuid = {34D054D9-A29A-4445-9224-940DF7B23BBD}
	EndGlobalSection
EndGlobal
